
Microsoft Visual Studio Solution File, Format Version 12.00
# Visual Studio Version 17
VisualStudioVersion = 17.3.32929.385
MinimumVisualStudioVersion = 10.0.40219.1
Project("{FAE04EC0-301F-11D3-BF4B-00C04F79EFBC}") = "MagicVilla_API", "MagicVilla_API\MagicVilla_API.csproj", "{6DA0AB54-7A5E-4618-95EF-A42F143A5C37}"
EndProject
Global
	GlobalSection(SolutionConfigurationPlatforms) = preSolution
		Debug|Any CPU = Debug|Any CPU
		Release|Any CPU = Release|Any CPU
	EndGlobalSection
	GlobalSection(ProjectConfigurationPlatforms) = postSolution
		{6DA0AB54-7A5E-4618-95EF-A42F143A5C37}.Debug|Any CPU.ActiveCfg = Debug|Any CPU
		{6DA0AB54-7A5E-4618-95EF-A42F143A5C37}.Debug|Any CPU.Build.0 = Debug|Any CPU
		{6DA0AB54-7A5E-4618-95EF-A42F143A5C37}.Release|Any CPU.ActiveCfg = Release|Any CPU
		{6DA0AB54-7A5E-4618-95EF-A42F143A5C37}.Release|Any CPU.Build.0 = Release|Any CPU
	EndGlobalSection
	GlobalSection(SolutionProperties) = preSolution
		HideSolutionNode = FALSE
	EndGlobalSection
	GlobalSection(ExtensibilityGlobals) = postSolution
		SolutionGuid = {E37C1528-1326-4BB4-A4AE-6C7E517E5C63}
	EndGlobalSection
EndGlobal
